
Microsoft Visual Studio Solution File, Format Version 12.00
# Visual Studio 15
VisualStudioVersion = 15.0.28307.779
MinimumVisualStudioVersion = 10.0.40219.1
Project("{FAE04EC0-301F-11D3-BF4B-00C04F79EFBC}") = "Login", "Login\Login.csproj", "{4ED1A4C9-30C6-48B1-8CE5-B6A2B2CA3FD8}"
EndProject
Global
	GlobalSection(SolutionConfigurationPlatforms) = preSolution
		Debug|Any CPU = Debug|Any CPU
		Release|Any CPU = Release|Any CPU
	EndGlobalSection
	GlobalSection(ProjectConfigurationPlatforms) = postSolution
		{4ED1A4C9-30C6-48B1-8CE5-B6A2B2CA3FD8}.Debug|Any CPU.ActiveCfg = Debug|Any CPU
		{4ED1A4C9-30C6-48B1-8CE5-B6A2B2CA3FD8}.Debug|Any CPU.Build.0 = Debug|Any CPU
		{4ED1A4C9-30C6-48B1-8CE5-B6A2B2CA3FD8}.Release|Any CPU.ActiveCfg = Release|Any CPU
		{4ED1A4C9-30C6-48B1-8CE5-B6A2B2CA3FD8}.Release|Any CPU.Build.0 = Release|Any CPU
	EndGlobalSection
	GlobalSection(SolutionProperties) = preSolution
		HideSolutionNode = FALSE
	EndGlobalSection
	GlobalSection(ExtensibilityGlobals) = postSolution
		SolutionGuid = {76152655-F66C-4901-83D0-D72171F5063C}
	EndGlobalSection
EndGlobal
